// !$*UTF8*$!
{
	archiveVersion = 1;
	classes = {
	};
	objectVersion = 56;
	objects = {

/* Begin PBXBuildFile section */
		A4852AC12B88F65300B1F90C /* libLocator.a in Frameworks */ = {isa = PBXBuildFile; fileRef = A4852AAF2B88F53E00B1F90C /* libLocator.a */; };
		A4852ACA2B8901D300B1F90C /* Location.swift in Sources */ = {isa = PBXBuildFile; fileRef = A4852AC92B8901D300B1F90C /* Location.swift */; };
		A4852ACC2B89020300B1F90C /* Result.swift in Sources */ = {isa = PBXBuildFile; fileRef = A4852ACB2B89020300B1F90C /* Result.swift */; };
		A4852AD22B89039A00B1F90C /* LocatorSpec.swift in Sources */ = {isa = PBXBuildFile; fileRef = A4852AD12B89039A00B1F90C /* LocatorSpec.swift */; };
		A4852AD42B89070A00B1F90C /* Locator.swift in Sources */ = {isa = PBXBuildFile; fileRef = A4852AD32B89070A00B1F90C /* Locator.swift */; };
		A4852ADD2B892CBF00B1F90C /* LocationResult.swift in Sources */ = {isa = PBXBuildFile; fileRef = A4852ADC2B892CBF00B1F90C /* LocationResult.swift */; };
/* End PBXBuildFile section */

/* Begin PBXContainerItemProxy section */
		A4852AC22B88F65300B1F90C /* PBXContainerItemProxy */ = {
			isa = PBXContainerItemProxy;
			containerPortal = A4852AA72B88F53E00B1F90C /* Project object */;
			proxyType = 1;
			remoteGlobalIDString = A4852AAE2B88F53E00B1F90C;
			remoteInfo = Locator;
		};
/* End PBXContainerItemProxy section */

/* Begin PBXCopyFilesBuildPhase section */
		A4852AAD2B88F53E00B1F90C /* CopyFiles */ = {
			isa = PBXCopyFilesBuildPhase;
			buildActionMask = 2147483647;
			dstPath = "include/$(PRODUCT_NAME)";
			dstSubfolderSpec = 16;
			files = (
			);
			runOnlyForDeploymentPostprocessing = 0;
		};
/* End PBXCopyFilesBuildPhase section */

/* Begin PBXFileReference section */
		A4852AAF2B88F53E00B1F90C /* libLocator.a */ = {isa = PBXFileReference; explicitFileType = archive.ar; includeInIndex = 0; path = libLocator.a; sourceTree = BUILT_PRODUCTS_DIR; };
		A4852ABD2B88F65300B1F90C /* UnitTests.xctest */ = {isa = PBXFileReference; explicitFileType = wrapper.cfbundle; includeInIndex = 0; path = UnitTests.xctest; sourceTree = BUILT_PRODUCTS_DIR; };
		A4852AC92B8901D300B1F90C /* Location.swift */ = {isa = PBXFileReference; lastKnownFileType = sourcecode.swift; path = Location.swift; sourceTree = "<group>"; };
		A4852ACB2B89020300B1F90C /* Result.swift */ = {isa = PBXFileReference; lastKnownFileType = sourcecode.swift; path = Result.swift; sourceTree = "<group>"; };
		A4852AD12B89039A00B1F90C /* LocatorSpec.swift */ = {isa = PBXFileReference; lastKnownFileType = sourcecode.swift; path = LocatorSpec.swift; sourceTree = "<group>"; };
		A4852AD32B89070A00B1F90C /* Locator.swift */ = {isa = PBXFileReference; lastKnownFileType = sourcecode.swift; path = Locator.swift; sourceTree = "<group>"; };
		A4852ADC2B892CBF00B1F90C /* LocationResult.swift */ = {isa = PBXFileReference; lastKnownFileType = sourcecode.swift; path = LocationResult.swift; sourceTree = "<group>"; };
/* End PBXFileReference section */

/* Begin PBXFrameworksBuildPhase section */
		A4852AAC2B88F53E00B1F90C /* Frameworks */ = {
			isa = PBXFrameworksBuildPhase;
			buildActionMask = 2147483647;
			files = (
			);
			runOnlyForDeploymentPostprocessing = 0;
		};
		A4852ABA2B88F65300B1F90C /* Frameworks */ = {
			isa = PBXFrameworksBuildPhase;
			buildActionMask = 2147483647;
			files = (
				A4852AC12B88F65300B1F90C /* libLocator.a in Frameworks */,
			);
			runOnlyForDeploymentPostprocessing = 0;
		};
/* End PBXFrameworksBuildPhase section */

/* Begin PBXGroup section */
		A4852AA62B88F53E00B1F90C = {
			isa = PBXGroup;
			children = (
				A4852AB12B88F53E00B1F90C /* Locator */,
				A4852ABE2B88F65300B1F90C /* UnitTests */,
				A4852AB02B88F53E00B1F90C /* Products */,
			);
			sourceTree = "<group>";
		};
		A4852AB02B88F53E00B1F90C /* Products */ = {
			isa = PBXGroup;
			children = (
				A4852AAF2B88F53E00B1F90C /* libLocator.a */,
				A4852ABD2B88F65300B1F90C /* UnitTests.xctest */,
			);
			name = Products;
			sourceTree = "<group>";
		};
		A4852AB12B88F53E00B1F90C /* Locator */ = {
			isa = PBXGroup;
			children = (
				A4852AC92B8901D300B1F90C /* Location.swift */,
				A4852ACB2B89020300B1F90C /* Result.swift */,
				A4852AD32B89070A00B1F90C /* Locator.swift */,
			);
			path = Locator;
			sourceTree = "<group>";
		};
		A4852ABE2B88F65300B1F90C /* UnitTests */ = {
			isa = PBXGroup;
			children = (
				A4852AD12B89039A00B1F90C /* LocatorSpec.swift */,
				A4852ADC2B892CBF00B1F90C /* LocationResult.swift */,
			);
			path = UnitTests;
			sourceTree = "<group>";
		};
/* End PBXGroup section */

/* Begin PBXNativeTarget section */
		A4852AAE2B88F53E00B1F90C /* Locator */ = {
			isa = PBXNativeTarget;
			buildConfigurationList = A4852AB62B88F53E00B1F90C /* Build configuration list for PBXNativeTarget "Locator" */;
			buildPhases = (
				A4852AAB2B88F53E00B1F90C /* Sources */,
				A4852AAC2B88F53E00B1F90C /* Frameworks */,
				A4852AAD2B88F53E00B1F90C /* CopyFiles */,
				A4852ADE2B892CE200B1F90C /* ShellScript */,
			);
			buildRules = (
			);
			dependencies = (
			);
			name = Locator;
			productName = Locator;
			productReference = A4852AAF2B88F53E00B1F90C /* libLocator.a */;
			productType = "com.apple.product-type.library.static";
		};
		A4852ABC2B88F65300B1F90C /* UnitTests */ = {
			isa = PBXNativeTarget;
			buildConfigurationList = A4852AC42B88F65300B1F90C /* Build configuration list for PBXNativeTarget "UnitTests" */;
			buildPhases = (
				A4852AB92B88F65300B1F90C /* Sources */,
				A4852ABA2B88F65300B1F90C /* Frameworks */,
				A4852ABB2B88F65300B1F90C /* Resources */,
			);
			buildRules = (
			);
			dependencies = (
				A4852AC32B88F65300B1F90C /* PBXTargetDependency */,
			);
			name = UnitTests;
			productName = UnitTests;
			productReference = A4852ABD2B88F65300B1F90C /* UnitTests.xctest */;
			productType = "com.apple.product-type.bundle.unit-test";
		};
/* End PBXNativeTarget section */

/* Begin PBXProject section */
		A4852AA72B88F53E00B1F90C /* Project object */ = {
			isa = PBXProject;
			attributes = {
				BuildIndependentTargetsInParallel = 1;
				LastSwiftUpdateCheck = 1520;
				LastUpgradeCheck = 1520;
				TargetAttributes = {
					A4852AAE2B88F53E00B1F90C = {
						CreatedOnToolsVersion = 15.2;
					};
					A4852ABC2B88F65300B1F90C = {
						CreatedOnToolsVersion = 15.2;
					};
				};
			};
			buildConfigurationList = A4852AAA2B88F53E00B1F90C /* Build configuration list for PBXProject "Locator" */;
			compatibilityVersion = "Xcode 14.0";
			developmentRegion = en;
			hasScannedForEncodings = 0;
			knownRegions = (
				en,
				Base,
			);
			mainGroup = A4852AA62B88F53E00B1F90C;
			productRefGroup = A4852AB02B88F53E00B1F90C /* Products */;
			projectDirPath = "";
			projectRoot = "";
			targets = (
				A4852AAE2B88F53E00B1F90C /* Locator */,
				A4852ABC2B88F65300B1F90C /* UnitTests */,
			);
		};
/* End PBXProject section */

/* Begin PBXResourcesBuildPhase section */
		A4852ABB2B88F65300B1F90C /* Resources */ = {
			isa = PBXResourcesBuildPhase;
			buildActionMask = 2147483647;
			files = (
			);
			runOnlyForDeploymentPostprocessing = 0;
		};
/* End PBXResourcesBuildPhase section */

/* Begin PBXShellScriptBuildPhase section */
		A4852ADE2B892CE200B1F90C /* ShellScript */ = {
			isa = PBXShellScriptBuildPhase;
			buildActionMask = 2147483647;
			files = (
			);
			inputFileListPaths = (
			);
			inputPaths = (
			);
			outputFileListPaths = (
			);
			outputPaths = (
			);
			runOnlyForDeploymentPostprocessing = 0;
			shellPath = /bin/sh;
			shellScript = "# Type a script or drag a script file from your workspace to insert its path.\ntargetDir=${BUILT_PRODUCTS_DIR}/include/${PRODUCT_MODULE_NAME}/\nmkdir -p $targetDir\ncp ${DERIVED_SOURCES_DIR}/*-Swift.h ${targetDir}\n";
		};
/* End PBXShellScriptBuildPhase section */

/* Begin PBXSourcesBuildPhase section */
		A4852AAB2B88F53E00B1F90C /* Sources */ = {
			isa = PBXSourcesBuildPhase;
			buildActionMask = 2147483647;
			files = (
				A4852ACC2B89020300B1F90C /* Result.swift in Sources */,
				A4852ACA2B8901D300B1F90C /* Location.swift in Sources */,
				A4852AD42B89070A00B1F90C /* Locator.swift in Sources */,
			);
			runOnlyForDeploymentPostprocessing = 0;
		};
		A4852AB92B88F65300B1F90C /* Sources */ = {
			isa = PBXSourcesBuildPhase;
			buildActionMask = 2147483647;
			files = (
				A4852ADD2B892CBF00B1F90C /* LocationResult.swift in Sources */,
				A4852AD22B89039A00B1F90C /* LocatorSpec.swift in Sources */,
			);
			runOnlyForDeploymentPostprocessing = 0;
		};
/* End PBXSourcesBuildPhase section */

/* Begin PBXTargetDependency section */
		A4852AC32B88F65300B1F90C /* PBXTargetDependency */ = {
			isa = PBXTargetDependency;
			target = A4852AAE2B88F53E00B1F90C /* Locator */;
			targetProxy = A4852AC22B88F65300B1F90C /* PBXContainerItemProxy */;
		};
/* End PBXTargetDependency section */

/* Begin XCBuildConfiguration section */
		A4852AB42B88F53E00B1F90C /* Debug */ = {
			isa = XCBuildConfiguration;
			buildSettings = {
				ALWAYS_SEARCH_USER_PATHS = NO;
				ASSETCATALOG_COMPILER_GENERATE_SWIFT_ASSET_SYMBOL_EXTENSIONS = YES;
				CLANG_ANALYZER_NONNULL = YES;
				CLANG_ANALYZER_NUMBER_OBJECT_CONVERSION = YES_AGGRESSIVE;
				CLANG_CXX_LANGUAGE_STANDARD = "gnu++20";
				CLANG_ENABLE_MODULES = YES;
				CLANG_ENABLE_OBJC_ARC = YES;
				CLANG_ENABLE_OBJC_WEAK = YES;
				CLANG_WARN_BLOCK_CAPTURE_AUTORELEASING = YES;
				CLANG_WARN_BOOL_CONVERSION = YES;
				CLANG_WARN_COMMA = YES;
				CLANG_WARN_CONSTANT_CONVERSION = YES;
				CLANG_WARN_DEPRECATED_OBJC_IMPLEMENTATIONS = YES;
				CLANG_WARN_DIRECT_OBJC_ISA_USAGE = YES_ERROR;
				CLANG_WARN_DOCUMENTATION_COMMENTS = YES;
				CLANG_WARN_EMPTY_BODY = YES;
				CLANG_WARN_ENUM_CONVERSION = YES;
				CLANG_WARN_INFINITE_RECURSION = YES;
				CLANG_WARN_INT_CONVERSION = YES;
				CLANG_WARN_NON_LITERAL_NULL_CONVERSION = YES;
				CLANG_WARN_OBJC_IMPLICIT_RETAIN_SELF = YES;
				CLANG_WARN_OBJC_LITERAL_CONVERSION = YES;
				CLANG_WARN_OBJC_ROOT_CLASS = YES_ERROR;
				CLANG_WARN_QUOTED_INCLUDE_IN_FRAMEWORK_HEADER = YES;
				CLANG_WARN_RANGE_LOOP_ANALYSIS = YES;
				CLANG_WARN_STRICT_PROTOTYPES = YES;
				CLANG_WARN_SUSPICIOUS_MOVE = YES;
				CLANG_WARN_UNGUARDED_AVAILABILITY = YES_AGGRESSIVE;
				CLANG_WARN_UNREACHABLE_CODE = YES;
				CLANG_WARN__DUPLICATE_METHOD_MATCH = YES;
				COPY_PHASE_STRIP = NO;
				DEBUG_INFORMATION_FORMAT = dwarf;
				ENABLE_STRICT_OBJC_MSGSEND = YES;
				ENABLE_TESTABILITY = YES;
				ENABLE_USER_SCRIPT_SANDBOXING = NO;
				GCC_C_LANGUAGE_STANDARD = gnu17;
				GCC_DYNAMIC_NO_PIC = NO;
				GCC_NO_COMMON_BLOCKS = YES;
				GCC_OPTIMIZATION_LEVEL = 0;
				GCC_PREPROCESSOR_DEFINITIONS = (
					"DEBUG=1",
					"$(inherited)",
				);
				GCC_WARN_64_TO_32_BIT_CONVERSION = YES;
				GCC_WARN_ABOUT_RETURN_TYPE = YES_ERROR;
				GCC_WARN_UNDECLARED_SELECTOR = YES;
				GCC_WARN_UNINITIALIZED_AUTOS = YES_AGGRESSIVE;
				GCC_WARN_UNUSED_FUNCTION = YES;
				GCC_WARN_UNUSED_VARIABLE = YES;
				IPHONEOS_DEPLOYMENT_TARGET = 17.2;
				LOCALIZATION_PREFERS_STRING_CATALOGS = YES;
				MTL_ENABLE_DEBUG_INFO = INCLUDE_SOURCE;
				MTL_FAST_MATH = YES;
				ONLY_ACTIVE_ARCH = YES;
				SDKROOT = iphoneos;
				SWIFT_ACTIVE_COMPILATION_CONDITIONS = "DEBUG $(inherited)";
				SWIFT_OPTIMIZATION_LEVEL = "-Onone";
			};
			name = Debug;
		};
		A4852AB52B88F53E00B1F90C /* Release */ = {
			isa = XCBuildConfiguration;
			buildSettings = {
				ALWAYS_SEARCH_USER_PATHS = NO;
				ASSETCATALOG_COMPILER_GENERATE_SWIFT_ASSET_SYMBOL_EXTENSIONS = YES;
				CLANG_ANALYZER_NONNULL = YES;
				CLANG_ANALYZER_NUMBER_OBJECT_CONVERSION = YES_AGGRESSIVE;
				CLANG_CXX_LANGUAGE_STANDARD = "gnu++20";
				CLANG_ENABLE_MODULES = YES;
				CLANG_ENABLE_OBJC_ARC = YES;
				CLANG_ENABLE_OBJC_WEAK = YES;
				CLANG_WARN_BLOCK_CAPTURE_AUTORELEASING = YES;
				CLANG_WARN_BOOL_CONVERSION = YES;
				CLANG_WARN_COMMA = YES;
				CLANG_WARN_CONSTANT_CONVERSION = YES;
				CLANG_WARN_DEPRECATED_OBJC_IMPLEMENTATIONS = YES;
				CLANG_WARN_DIRECT_OBJC_ISA_USAGE = YES_ERROR;
				CLANG_WARN_DOCUMENTATION_COMMENTS = YES;
				CLANG_WARN_EMPTY_BODY = YES;
				CLANG_WARN_ENUM_CONVERSION = YES;
				CLANG_WARN_INFINITE_RECURSION = YES;
				CLANG_WARN_INT_CONVERSION = YES;
				CLANG_WARN_NON_LITERAL_NULL_CONVERSION = YES;
				CLANG_WARN_OBJC_IMPLICIT_RETAIN_SELF = YES;
				CLANG_WARN_OBJC_LITERAL_CONVERSION = YES;
				CLANG_WARN_OBJC_ROOT_CLASS = YES_ERROR;
				CLANG_WARN_QUOTED_INCLUDE_IN_FRAMEWORK_HEADER = YES;
				CLANG_WARN_RANGE_LOOP_ANALYSIS = YES;
				CLANG_WARN_STRICT_PROTOTYPES = YES;
				CLANG_WARN_SUSPICIOUS_MOVE = YES;
				CLANG_WARN_UNGUARDED_AVAILABILITY = YES_AGGRESSIVE;
				CLANG_WARN_UNREACHABLE_CODE = YES;
				CLANG_WARN__DUPLICATE_METHOD_MATCH = YES;
				COPY_PHASE_STRIP = NO;
				DEBUG_INFORMATION_FORMAT = "dwarf-with-dsym";
				ENABLE_NS_ASSERTIONS = NO;
				ENABLE_STRICT_OBJC_MSGSEND = YES;
				ENABLE_USER_SCRIPT_SANDBOXING = NO;
				GCC_C_LANGUAGE_STANDARD = gnu17;
				GCC_NO_COMMON_BLOCKS = YES;
				GCC_WARN_64_TO_32_BIT_CONVERSION = YES;
				GCC_WARN_ABOUT_RETURN_TYPE = YES_ERROR;
				GCC_WARN_UNDECLARED_SELECTOR = YES;
				GCC_WARN_UNINITIALIZED_AUTOS = YES_AGGRESSIVE;
				GCC_WARN_UNUSED_FUNCTION = YES;
				GCC_WARN_UNUSED_VARIABLE = YES;
				IPHONEOS_DEPLOYMENT_TARGET = 17.2;
				LOCALIZATION_PREFERS_STRING_CATALOGS = YES;
				MTL_ENABLE_DEBUG_INFO = NO;
				MTL_FAST_MATH = YES;
				SDKROOT = iphoneos;
				SWIFT_COMPILATION_MODE = wholemodule;
				VALIDATE_PRODUCT = YES;
			};
			name = Release;
		};
		A4852AB72B88F53E00B1F90C /* Debug */ = {
			isa = XCBuildConfiguration;
			buildSettings = {
				CODE_SIGN_STYLE = Automatic;
				DEVELOPMENT_TEAM = RQD5APPN83;
				OTHER_LDFLAGS = "-ObjC";
				PRODUCT_NAME = "$(TARGET_NAME)";
				SKIP_INSTALL = YES;
				SWIFT_OBJC_BRIDGING_HEADER = "Locator/Locator-Bridge.h";
				SWIFT_VERSION = 5.0;
				TARGETED_DEVICE_FAMILY = "1,2";
			};
			name = Debug;
		};
		A4852AB82B88F53E00B1F90C /* Release */ = {
			isa = XCBuildConfiguration;
			buildSettings = {
				CODE_SIGN_STYLE = Automatic;
				DEVELOPMENT_TEAM = RQD5APPN83;
				OTHER_LDFLAGS = "-ObjC";
				PRODUCT_NAME = "$(TARGET_NAME)";
				SKIP_INSTALL = YES;
				SWIFT_OBJC_BRIDGING_HEADER = "Locator/Locator-Bridge.h";
				SWIFT_VERSION = 5.0;
				TARGETED_DEVICE_FAMILY = "1,2";
			};
			name = Release;
		};
		A4852AC52B88F65300B1F90C /* Debug */ = {
			isa = XCBuildConfiguration;
			buildSettings = {
				CODE_SIGN_STYLE = Automatic;
				CURRENT_PROJECT_VERSION = 1;
				DEVELOPMENT_TEAM = RQD5APPN83;
				GENERATE_INFOPLIST_FILE = YES;
				MARKETING_VERSION = 1.0;
				PRODUCT_BUNDLE_IDENTIFIER = io.bitpogo.keather.UnitTests;
				PRODUCT_NAME = "$(TARGET_NAME)";
				SWIFT_EMIT_LOC_STRINGS = NO;
				SWIFT_VERSION = 5.0;
				TARGETED_DEVICE_FAMILY = "1,2";
			};
			name = Debug;
		};
		A4852AC62B88F65300B1F90C /* Release */ = {
			isa = XCBuildConfiguration;
			buildSettings = {
				CODE_SIGN_STYLE = Automatic;
				CURRENT_PROJECT_VERSION = 1;
				DEVELOPMENT_TEAM = RQD5APPN83;
				GENERATE_INFOPLIST_FILE = YES;
				MARKETING_VERSION = 1.0;
				PRODUCT_BUNDLE_IDENTIFIER = io.bitpogo.keather.UnitTests;
				PRODUCT_NAME = "$(TARGET_NAME)";
				SWIFT_EMIT_LOC_STRINGS = NO;
				SWIFT_VERSION = 5.0;
				TARGETED_DEVICE_FAMILY = "1,2";
			};
			name = Release;
		};
/* End XCBuildConfiguration section */

/* Begin XCConfigurationList section */
		A4852AAA2B88F53E00B1F90C /* Build configuration list for PBXProject "Locator" */ = {
			isa = XCConfigurationList;
			buildConfigurations = (
				A4852AB42B88F53E00B1F90C /* Debug */,
				A4852AB52B88F53E00B1F90C /* Release */,
			);
			defaultConfigurationIsVisible = 0;
			defaultConfigurationName = Release;
		};
		A4852AB62B88F53E00B1F90C /* Build configuration list for PBXNativeTarget "Locator" */ = {
			isa = XCConfigurationList;
			buildConfigurations = (
				A4852AB72B88F53E00B1F90C /* Debug */,
				A4852AB82B88F53E00B1F90C /* Release */,
			);
			defaultConfigurationIsVisible = 0;
			defaultConfigurationName = Release;
		};
		A4852AC42B88F65300B1F90C /* Build configuration list for PBXNativeTarget "UnitTests" */ = {
			isa = XCConfigurationList;
			buildConfigurations = (
				A4852AC52B88F65300B1F90C /* Debug */,
				A4852AC62B88F65300B1F90C /* Release */,
			);
			defaultConfigurationIsVisible = 0;
			defaultConfigurationName = Release;
		};
/* End XCConfigurationList section */
	};
	rootObject = A4852AA72B88F53E00B1F90C /* Project object */;
}
